
Microsoft Visual Studio Solution File, Format Version 12.00
# Visual Studio Version 17
VisualStudioVersion = 17.11.35312.102
MinimumVisualStudioVersion = 10.0.40219.1
Project("{9A19103F-16F7-4668-BE54-9A1E7A4F7556}") = "NorthWind.Entities", "NorthWind.Entities\NorthWind.Entities.csproj", "{5E90982E-B8A5-4FA2-B568-655B029BF644}"
EndProject
Project("{FAE04EC0-301F-11D3-BF4B-00C04F79EFBC}") = "NorthWind.ConsoleApp", "NorthWind.ConsoleApp\NorthWind.ConsoleApp.csproj", "{DF5A2C8C-6E2D-49DF-9E0B-D61941938415}"
EndProject
Project("{FAE04EC0-301F-11D3-BF4B-00C04F79EFBC}") = "NorthWind.Writers", "NorthWind.Writers\NorthWind.Writers.csproj", "{13113125-2689-450D-890E-2C498FA6BE47}"
EndProject
Project("{FAE04EC0-301F-11D3-BF4B-00C04F79EFBC}") = "NorthWind.IoC", "NorthWind.IoC\NorthWind.IoC.csproj", "{1B043DA9-C003-4DC5-9EDD-3750B41DFC14}"
EndProject
Project("{FAE04EC0-301F-11D3-BF4B-00C04F79EFBC}") = "NorthWind.Core", "NorthWind.Core\NorthWind.Core.csproj", "{BE7414D8-3062-4C7E-83FD-0EF9F3345B7F}"
EndProject
Global
	GlobalSection(SolutionConfigurationPlatforms) = preSolution
		Debug|Any CPU = Debug|Any CPU
		Release|Any CPU = Release|Any CPU
	EndGlobalSection
	GlobalSection(ProjectConfigurationPlatforms) = postSolution
		{5E90982E-B8A5-4FA2-B568-655B029BF644}.Debug|Any CPU.ActiveCfg = Debug|Any CPU
		{5E90982E-B8A5-4FA2-B568-655B029BF644}.Debug|Any CPU.Build.0 = Debug|Any CPU
		{5E90982E-B8A5-4FA2-B568-655B029BF644}.Release|Any CPU.ActiveCfg = Release|Any CPU
		{5E90982E-B8A5-4FA2-B568-655B029BF644}.Release|Any CPU.Build.0 = Release|Any CPU
		{DF5A2C8C-6E2D-49DF-9E0B-D61941938415}.Debug|Any CPU.ActiveCfg = Debug|Any CPU
		{DF5A2C8C-6E2D-49DF-9E0B-D61941938415}.Debug|Any CPU.Build.0 = Debug|Any CPU
		{DF5A2C8C-6E2D-49DF-9E0B-D61941938415}.Release|Any CPU.ActiveCfg = Release|Any CPU
		{DF5A2C8C-6E2D-49DF-9E0B-D61941938415}.Release|Any CPU.Build.0 = Release|Any CPU
		{13113125-2689-450D-890E-2C498FA6BE47}.Debug|Any CPU.ActiveCfg = Debug|Any CPU
		{13113125-2689-450D-890E-2C498FA6BE47}.Debug|Any CPU.Build.0 = Debug|Any CPU
		{13113125-2689-450D-890E-2C498FA6BE47}.Release|Any CPU.ActiveCfg = Release|Any CPU
		{13113125-2689-450D-890E-2C498FA6BE47}.Release|Any CPU.Build.0 = Release|Any CPU
		{1B043DA9-C003-4DC5-9EDD-3750B41DFC14}.Debug|Any CPU.ActiveCfg = Debug|Any CPU
		{1B043DA9-C003-4DC5-9EDD-3750B41DFC14}.Debug|Any CPU.Build.0 = Debug|Any CPU
		{1B043DA9-C003-4DC5-9EDD-3750B41DFC14}.Release|Any CPU.ActiveCfg = Release|Any CPU
		{1B043DA9-C003-4DC5-9EDD-3750B41DFC14}.Release|Any CPU.Build.0 = Release|Any CPU
		{BE7414D8-3062-4C7E-83FD-0EF9F3345B7F}.Debug|Any CPU.ActiveCfg = Debug|Any CPU
		{BE7414D8-3062-4C7E-83FD-0EF9F3345B7F}.Debug|Any CPU.Build.0 = Debug|Any CPU
		{BE7414D8-3062-4C7E-83FD-0EF9F3345B7F}.Release|Any CPU.ActiveCfg = Release|Any CPU
		{BE7414D8-3062-4C7E-83FD-0EF9F3345B7F}.Release|Any CPU.Build.0 = Release|Any CPU
	EndGlobalSection
	GlobalSection(SolutionProperties) = preSolution
		HideSolutionNode = FALSE
	EndGlobalSection
	GlobalSection(ExtensibilityGlobals) = postSolution
		SolutionGuid = {7ED7384D-E22A-4E3B-9F97-12A9796F4797}
	EndGlobalSection
EndGlobal
